// !$*UTF8*$!
{
	archiveVersion = 1;
	classes = {
	};
	objectVersion = 46;
	objects = {

/* Begin PBXBuildFile section */
		053FEE3A1A030A8C00667C01 /* main.m in Sources */ = {isa = PBXBuildFile; fileRef = 053FEE391A030A8C00667C01 /* main.m */; };
		053FEE3D1A030A8C00667C01 /* AppDelegate.m in Sources */ = {isa = PBXBuildFile; fileRef = 053FEE3C1A030A8C00667C01 /* AppDelegate.m */; };
		053FEE401A030A8C00667C01 /* FirstViewController.m in Sources */ = {isa = PBXBuildFile; fileRef = 053FEE3F1A030A8C00667C01 /* FirstViewController.m */; };
		053FEE431A030A8C00667C01 /* SecondViewController.m in Sources */ = {isa = PBXBuildFile; fileRef = 053FEE421A030A8C00667C01 /* SecondViewController.m */; };
		053FEE461A030A8C00667C01 /* Main.storyboard in Resources */ = {isa = PBXBuildFile; fileRef = 053FEE441A030A8C00667C01 /* Main.storyboard */; };
		053FEE481A030A8C00667C01 /* Images.xcassets in Resources */ = {isa = PBXBuildFile; fileRef = 053FEE471A030A8C00667C01 /* Images.xcassets */; };
		053FEE4B1A030A8C00667C01 /* LaunchScreen.xib in Resources */ = {isa = PBXBuildFile; fileRef = 053FEE491A030A8C00667C01 /* LaunchScreen.xib */; };
		053FEE611A030E8600667C01 /* Parse.framework in Frameworks */ = {isa = PBXBuildFile; fileRef = 053FEE601A030E8600667C01 /* Parse.framework */; };
		053FEE631A030E9E00667C01 /* Bolts.framework in Frameworks */ = {isa = PBXBuildFile; fileRef = 053FEE621A030E9E00667C01 /* Bolts.framework */; };
		053FEE651A030FE100667C01 /* AudioToolbox.framework in Frameworks */ = {isa = PBXBuildFile; fileRef = 053FEE641A030FE100667C01 /* AudioToolbox.framework */; };
		053FEE671A030FF600667C01 /* CFNetwork.framework in Frameworks */ = {isa = PBXBuildFile; fileRef = 053FEE661A030FF600667C01 /* CFNetwork.framework */; };
		053FEE691A03100B00667C01 /* CoreGraphics.framework in Frameworks */ = {isa = PBXBuildFile; fileRef = 053FEE681A03100B00667C01 /* CoreGraphics.framework */; };
		053FEE6B1A03101600667C01 /* CoreLocation.framework in Frameworks */ = {isa = PBXBuildFile; fileRef = 053FEE6A1A03101600667C01 /* CoreLocation.framework */; };
		053FEE6D1A03102C00667C01 /* libz.dylib in Frameworks */ = {isa = PBXBuildFile; fileRef = 053FEE6C1A03102C00667C01 /* libz.dylib */; };
		053FEE6F1A03103F00667C01 /* MobileCoreServices.framework in Frameworks */ = {isa = PBXBuildFile; fileRef = 053FEE6E1A03103F00667C01 /* MobileCoreServices.framework */; };
		053FEE711A03104F00667C01 /* QuartzCore.framework in Frameworks */ = {isa = PBXBuildFile; fileRef = 053FEE701A03104F00667C01 /* QuartzCore.framework */; };
		053FEE731A03105D00667C01 /* Security.framework in Frameworks */ = {isa = PBXBuildFile; fileRef = 053FEE721A03105D00667C01 /* Security.framework */; };
		053FEE751A03106E00667C01 /* StoreKit.framework in Frameworks */ = {isa = PBXBuildFile; fileRef = 053FEE741A03106E00667C01 /* StoreKit.framework */; };
		053FEE771A03107E00667C01 /* SystemConfiguration.framework in Frameworks */ = {isa = PBXBuildFile; fileRef = 053FEE761A03107E00667C01 /* SystemConfiguration.framework */; };
		053FEE7A1A03479B00667C01 /* ChatCell.m in Sources */ = {isa = PBXBuildFile; fileRef = 053FEE791A03479B00667C01 /* ChatCell.m */; };
		053FEE7D1A0557CF00667C01 /* ChatRoomViewController.m in Sources */ = {isa = PBXBuildFile; fileRef = 053FEE7C1A0557CF00667C01 /* ChatRoomViewController.m */; };
/* End PBXBuildFile section */

/* Begin PBXFileReference section */
		053FEE341A030A8C00667C01 /* chatDemo.app */ = {isa = PBXFileReference; explicitFileType = wrapper.application; includeInIndex = 0; path = chatDemo.app; sourceTree = BUILT_PRODUCTS_DIR; };
		053FEE381A030A8C00667C01 /* Info.plist */ = {isa = PBXFileReference; lastKnownFileType = text.plist.xml; path = Info.plist; sourceTree = "<group>"; };
		053FEE391A030A8C00667C01 /* main.m */ = {isa = PBXFileReference; lastKnownFileType = sourcecode.c.objc; path = main.m; sourceTree = "<group>"; };
		053FEE3B1A030A8C00667C01 /* AppDelegate.h */ = {isa = PBXFileReference; lastKnownFileType = sourcecode.c.h; path = AppDelegate.h; sourceTree = "<group>"; };
		053FEE3C1A030A8C00667C01 /* AppDelegate.m */ = {isa = PBXFileReference; lastKnownFileType = sourcecode.c.objc; path = AppDelegate.m; sourceTree = "<group>"; };
		053FEE3E1A030A8C00667C01 /* FirstViewController.h */ = {isa = PBXFileReference; lastKnownFileType = sourcecode.c.h; path = FirstViewController.h; sourceTree = "<group>"; };
		053FEE3F1A030A8C00667C01 /* FirstViewController.m */ = {isa = PBXFileReference; lastKnownFileType = sourcecode.c.objc; path = FirstViewController.m; sourceTree = "<group>"; };
		053FEE411A030A8C00667C01 /* SecondViewController.h */ = {isa = PBXFileReference; lastKnownFileType = sourcecode.c.h; path = SecondViewController.h; sourceTree = "<group>"; };
		053FEE421A030A8C00667C01 /* SecondViewController.m */ = {isa = PBXFileReference; lastKnownFileType = sourcecode.c.objc; path = SecondViewController.m; sourceTree = "<group>"; };
		053FEE451A030A8C00667C01 /* Base */ = {isa = PBXFileReference; lastKnownFileType = file.storyboard; name = Base; path = Base.lproj/Main.storyboard; sourceTree = "<group>"; };
		053FEE471A030A8C00667C01 /* Images.xcassets */ = {isa = PBXFileReference; lastKnownFileType = folder.assetcatalog; path = Images.xcassets; sourceTree = "<group>"; };
		053FEE4A1A030A8C00667C01 /* Base */ = {isa = PBXFileReference; lastKnownFileType = file.xib; name = Base; path = Base.lproj/LaunchScreen.xib; sourceTree = "<group>"; };
		053FEE551A030A8D00667C01 /* Info.plist */ = {isa = PBXFileReference; lastKnownFileType = text.plist.xml; path = Info.plist; sourceTree = "<group>"; };
		053FEE561A030A8D00667C01 /* chatDemoTests.m */ = {isa = PBXFileReference; lastKnownFileType = sourcecode.c.objc; path = chatDemoTests.m; sourceTree = "<group>"; };
		053FEE601A030E8600667C01 /* Parse.framework */ = {isa = PBXFileReference; lastKnownFileType = wrapper.framework; path = Parse.framework; sourceTree = "<group>"; };
		053FEE621A030E9E00667C01 /* Bolts.framework */ = {isa = PBXFileReference; lastKnownFileType = wrapper.framework; path = Bolts.framework; sourceTree = "<group>"; };
		053FEE641A030FE100667C01 /* AudioToolbox.framework */ = {isa = PBXFileReference; lastKnownFileType = wrapper.framework; name = AudioToolbox.framework; path = System/Library/Frameworks/AudioToolbox.framework; sourceTree = SDKROOT; };
		053FEE661A030FF600667C01 /* CFNetwork.framework */ = {isa = PBXFileReference; lastKnownFileType = wrapper.framework; name = CFNetwork.framework; path = System/Library/Frameworks/CFNetwork.framework; sourceTree = SDKROOT; };
		053FEE681A03100B00667C01 /* CoreGraphics.framework */ = {isa = PBXFileReference; lastKnownFileType = wrapper.framework; name = CoreGraphics.framework; path = System/Library/Frameworks/CoreGraphics.framework; sourceTree = SDKROOT; };
		053FEE6A1A03101600667C01 /* CoreLocation.framework */ = {isa = PBXFileReference; lastKnownFileType = wrapper.framework; name = CoreLocation.framework; path = System/Library/Frameworks/CoreLocation.framework; sourceTree = SDKROOT; };
		053FEE6C1A03102C00667C01 /* libz.dylib */ = {isa = PBXFileReference; lastKnownFileType = "compiled.mach-o.dylib"; name = libz.dylib; path = usr/lib/libz.dylib; sourceTree = SDKROOT; };
		053FEE6E1A03103F00667C01 /* MobileCoreServices.framework */ = {isa = PBXFileReference; lastKnownFileType = wrapper.framework; name = MobileCoreServices.framework; path = System/Library/Frameworks/MobileCoreServices.framework; sourceTree = SDKROOT; };
		053FEE701A03104F00667C01 /* QuartzCore.framework */ = {isa = PBXFileReference; lastKnownFileType = wrapper.framework; name = QuartzCore.framework; path = System/Library/Frameworks/QuartzCore.framework; sourceTree = SDKROOT; };
		053FEE721A03105D00667C01 /* Security.framework */ = {isa = PBXFileReference; lastKnownFileType = wrapper.framework; name = Security.framework; path = System/Library/Frameworks/Security.framework; sourceTree = SDKROOT; };
		053FEE741A03106E00667C01 /* StoreKit.framework */ = {isa = PBXFileReference; lastKnownFileType = wrapper.framework; name = StoreKit.framework; path = System/Library/Frameworks/StoreKit.framework; sourceTree = SDKROOT; };
		053FEE761A03107E00667C01 /* SystemConfiguration.framework */ = {isa = PBXFileReference; lastKnownFileType = wrapper.framework; name = SystemConfiguration.framework; path = System/Library/Frameworks/SystemConfiguration.framework; sourceTree = SDKROOT; };
		053FEE781A03479B00667C01 /* ChatCell.h */ = {isa = PBXFileReference; fileEncoding = 4; lastKnownFileType = sourcecode.c.h; path = ChatCell.h; sourceTree = "<group>"; };
		053FEE791A03479B00667C01 /* ChatCell.m */ = {isa = PBXFileReference; fileEncoding = 4; lastKnownFileType = sourcecode.c.objc; path = ChatCell.m; sourceTree = "<group>"; };
		053FEE7B1A0557CF00667C01 /* ChatRoomViewController.h */ = {isa = PBXFileReference; fileEncoding = 4; lastKnownFileType = sourcecode.c.h; path = ChatRoomViewController.h; sourceTree = "<group>"; };
		053FEE7C1A0557CF00667C01 /* ChatRoomViewController.m */ = {isa = PBXFileReference; fileEncoding = 4; lastKnownFileType = sourcecode.c.objc; path = ChatRoomViewController.m; sourceTree = "<group>"; };
/* End PBXFileReference section */

/* Begin PBXFrameworksBuildPhase section */
		053FEE311A030A8C00667C01 /* Frameworks */ = {
			isa = PBXFrameworksBuildPhase;
			buildActionMask = 2147483647;
			files = (
				053FEE771A03107E00667C01 /* SystemConfiguration.framework in Frameworks */,
				053FEE751A03106E00667C01 /* StoreKit.framework in Frameworks */,
				053FEE731A03105D00667C01 /* Security.framework in Frameworks */,
				053FEE711A03104F00667C01 /* QuartzCore.framework in Frameworks */,
				053FEE6F1A03103F00667C01 /* MobileCoreServices.framework in Frameworks */,
				053FEE6D1A03102C00667C01 /* libz.dylib in Frameworks */,
				053FEE6B1A03101600667C01 /* CoreLocation.framework in Frameworks */,
				053FEE691A03100B00667C01 /* CoreGraphics.framework in Frameworks */,
				053FEE671A030FF600667C01 /* CFNetwork.framework in Frameworks */,
				053FEE651A030FE100667C01 /* AudioToolbox.framework in Frameworks */,
				053FEE611A030E8600667C01 /* Parse.framework in Frameworks */,
				053FEE631A030E9E00667C01 /* Bolts.framework in Frameworks */,
			);
			runOnlyForDeploymentPostprocessing = 0;
		};
/* End PBXFrameworksBuildPhase section */

/* Begin PBXGroup section */
		053FEE2B1A030A8C00667C01 = {
			isa = PBXGroup;
			children = (
				053FEE761A03107E00667C01 /* SystemConfiguration.framework */,
				053FEE741A03106E00667C01 /* StoreKit.framework */,
				053FEE721A03105D00667C01 /* Security.framework */,
				053FEE701A03104F00667C01 /* QuartzCore.framework */,
				053FEE6E1A03103F00667C01 /* MobileCoreServices.framework */,
				053FEE6C1A03102C00667C01 /* libz.dylib */,
				053FEE6A1A03101600667C01 /* CoreLocation.framework */,
				053FEE681A03100B00667C01 /* CoreGraphics.framework */,
				053FEE661A030FF600667C01 /* CFNetwork.framework */,
				053FEE641A030FE100667C01 /* AudioToolbox.framework */,
				053FEE621A030E9E00667C01 /* Bolts.framework */,
				053FEE601A030E8600667C01 /* Parse.framework */,
				053FEE361A030A8C00667C01 /* chatDemo */,
				053FEE531A030A8D00667C01 /* chatDemoTests */,
				053FEE351A030A8C00667C01 /* Products */,
			);
			sourceTree = "<group>";
		};
		053FEE351A030A8C00667C01 /* Products */ = {
			isa = PBXGroup;
			children = (
				053FEE341A030A8C00667C01 /* chatDemo.app */,
			);
			name = Products;
			sourceTree = "<group>";
		};
		053FEE361A030A8C00667C01 /* chatDemo */ = {
			isa = PBXGroup;
			children = (
				053FEE3B1A030A8C00667C01 /* AppDelegate.h */,
				053FEE3C1A030A8C00667C01 /* AppDelegate.m */,
				053FEE3E1A030A8C00667C01 /* FirstViewController.h */,
				053FEE3F1A030A8C00667C01 /* FirstViewController.m */,
				053FEE781A03479B00667C01 /* ChatCell.h */,
				053FEE791A03479B00667C01 /* ChatCell.m */,
				053FEE411A030A8C00667C01 /* SecondViewController.h */,
				053FEE421A030A8C00667C01 /* SecondViewController.m */,
				053FEE441A030A8C00667C01 /* Main.storyboard */,
				053FEE7B1A0557CF00667C01 /* ChatRoomViewController.h */,
				053FEE7C1A0557CF00667C01 /* ChatRoomViewController.m */,
				053FEE471A030A8C00667C01 /* Images.xcassets */,
				053FEE491A030A8C00667C01 /* LaunchScreen.xib */,
				053FEE371A030A8C00667C01 /* Supporting Files */,
			);
			path = chatDemo;
			sourceTree = "<group>";
		};
		053FEE371A030A8C00667C01 /* Supporting Files */ = {
			isa = PBXGroup;
			children = (
				053FEE381A030A8C00667C01 /* Info.plist */,
				053FEE391A030A8C00667C01 /* main.m */,
			);
			name = "Supporting Files";
			sourceTree = "<group>";
		};
		053FEE531A030A8D00667C01 /* chatDemoTests */ = {
			isa = PBXGroup;
			children = (
				053FEE561A030A8D00667C01 /* chatDemoTests.m */,
				053FEE541A030A8D00667C01 /* Supporting Files */,
			);
			path = chatDemoTests;
			sourceTree = "<group>";
		};
		053FEE541A030A8D00667C01 /* Supporting Files */ = {
			isa = PBXGroup;
			children = (
				053FEE551A030A8D00667C01 /* Info.plist */,
			);
			name = "Supporting Files";
			sourceTree = "<group>";
		};
/* End PBXGroup section */

/* Begin PBXNativeTarget section */
		053FEE331A030A8C00667C01 /* chatDemo */ = {
			isa = PBXNativeTarget;
			buildConfigurationList = 053FEE5A1A030A8D00667C01 /* Build configuration list for PBXNativeTarget "chatDemo" */;
			buildPhases = (
				053FEE301A030A8C00667C01 /* Sources */,
				053FEE311A030A8C00667C01 /* Frameworks */,
				053FEE321A030A8C00667C01 /* Resources */,
			);
			buildRules = (
			);
			dependencies = (
			);
			name = chatDemo;
			productName = chatDemo;
			productReference = 053FEE341A030A8C00667C01 /* chatDemo.app */;
			productType = "com.apple.product-type.application";
		};
/* End PBXNativeTarget section */

/* Begin PBXProject section */
		053FEE2C1A030A8C00667C01 /* Project object */ = {
			isa = PBXProject;
			attributes = {
				LastUpgradeCheck = 0610;
				ORGANIZATIONNAME = "Sameer Totey";
				TargetAttributes = {
					053FEE331A030A8C00667C01 = {
						CreatedOnToolsVersion = 6.1;
						DevelopmentTeam = 6QHDV6JE6P;
					};
				};
			};
			buildConfigurationList = 053FEE2F1A030A8C00667C01 /* Build configuration list for PBXProject "chatDemo" */;
			compatibilityVersion = "Xcode 3.2";
			developmentRegion = English;
			hasScannedForEncodings = 0;
			knownRegions = (
				en,
				Base,
			);
			mainGroup = 053FEE2B1A030A8C00667C01;
			productRefGroup = 053FEE351A030A8C00667C01 /* Products */;
			projectDirPath = "";
			projectRoot = "";
			targets = (
				053FEE331A030A8C00667C01 /* chatDemo */,
			);
		};
/* End PBXProject section */

/* Begin PBXResourcesBuildPhase section */
		053FEE321A030A8C00667C01 /* Resources */ = {
			isa = PBXResourcesBuildPhase;
			buildActionMask = 2147483647;
			files = (
				053FEE461A030A8C00667C01 /* Main.storyboard in Resources */,
				053FEE4B1A030A8C00667C01 /* LaunchScreen.xib in Resources */,
				053FEE481A030A8C00667C01 /* Images.xcassets in Resources */,
			);
			runOnlyForDeploymentPostprocessing = 0;
		};
/* End PBXResourcesBuildPhase section */

/* Begin PBXSourcesBuildPhase section */
		053FEE301A030A8C00667C01 /* Sources */ = {
			isa = PBXSourcesBuildPhase;
			buildActionMask = 2147483647;
			files = (
				053FEE7A1A03479B00667C01 /* ChatCell.m in Sources */,
				053FEE431A030A8C00667C01 /* SecondViewController.m in Sources */,
				053FEE3D1A030A8C00667C01 /* AppDelegate.m in Sources */,
				053FEE7D1A0557CF00667C01 /* ChatRoomViewController.m in Sources */,
				053FEE401A030A8C00667C01 /* FirstViewController.m in Sources */,
				053FEE3A1A030A8C00667C01 /* main.m in Sources */,
			);
			runOnlyForDeploymentPostprocessing = 0;
		};
/* End PBXSourcesBuildPhase section */

/* Begin PBXVariantGroup section */
		053FEE441A030A8C00667C01 /* Main.storyboard */ = {
			isa = PBXVariantGroup;
			children = (
				053FEE451A030A8C00667C01 /* Base */,
			);
			name = Main.storyboard;
			sourceTree = "<group>";
		};
		053FEE491A030A8C00667C01 /* LaunchScreen.xib */ = {
			isa = PBXVariantGroup;
			children = (
				053FEE4A1A030A8C00667C01 /* Base */,
			);
			name = LaunchScreen.xib;
			sourceTree = "<group>";
		};
/* End PBXVariantGroup section */

/* Begin XCBuildConfiguration section */
		053FEE581A030A8D00667C01 /* Debug */ = {
			isa = XCBuildConfiguration;
			buildSettings = {
				ALWAYS_SEARCH_USER_PATHS = NO;
				CLANG_CXX_LANGUAGE_STANDARD = "gnu++0x";
				CLANG_CXX_LIBRARY = "libc++";
				CLANG_ENABLE_MODULES = YES;
				CLANG_ENABLE_OBJC_ARC = YES;
				CLANG_WARN_BOOL_CONVERSION = YES;
				CLANG_WARN_CONSTANT_CONVERSION = YES;
				CLANG_WARN_DIRECT_OBJC_ISA_USAGE = YES_ERROR;
				CLANG_WARN_EMPTY_BODY = YES;
				CLANG_WARN_ENUM_CONVERSION = YES;
				CLANG_WARN_INT_CONVERSION = YES;
				CLANG_WARN_OBJC_ROOT_CLASS = YES_ERROR;
				CLANG_WARN_UNREACHABLE_CODE = YES;
				CLANG_WARN__DUPLICATE_METHOD_MATCH = YES;
				CODE_SIGN_IDENTITY = "iPhone Developer";
				"CODE_SIGN_IDENTITY[sdk=iphoneos*]" = "iPhone Developer";
				COPY_PHASE_STRIP = NO;
				ENABLE_STRICT_OBJC_MSGSEND = YES;
				GCC_C_LANGUAGE_STANDARD = gnu99;
				GCC_DYNAMIC_NO_PIC = NO;
				GCC_OPTIMIZATION_LEVEL = 0;
				GCC_PREPROCESSOR_DEFINITIONS = (
					"DEBUG=1",
					"$(inherited)",
				);
				GCC_SYMBOLS_PRIVATE_EXTERN = NO;
				GCC_WARN_64_TO_32_BIT_CONVERSION = YES;
				GCC_WARN_ABOUT_RETURN_TYPE = YES_ERROR;
				GCC_WARN_UNDECLARED_SELECTOR = YES;
				GCC_WARN_UNINITIALIZED_AUTOS = YES_AGGRESSIVE;
				GCC_WARN_UNUSED_FUNCTION = YES;
				GCC_WARN_UNUSED_VARIABLE = YES;
				IPHONEOS_DEPLOYMENT_TARGET = 8.1;
				MTL_ENABLE_DEBUG_INFO = YES;
				ONLY_ACTIVE_ARCH = YES;
				PROVISIONING_PROFILE = "93b9b003-3e20-4b3f-81b4-a42a5bdba9f7";
				SDKROOT = iphoneos;
			};
			name = Debug;
		};
		053FEE591A030A8D00667C01 /* Release */ = {
			isa = XCBuildConfiguration;
			buildSettings = {
				ALWAYS_SEARCH_USER_PATHS = NO;
				CLANG_CXX_LANGUAGE_STANDARD = "gnu++0x";
				CLANG_CXX_LIBRARY = "libc++";
				CLANG_ENABLE_MODULES = YES;
				CLANG_ENABLE_OBJC_ARC = YES;
				CLANG_WARN_BOOL_CONVERSION = YES;
				CLANG_WARN_CONSTANT_CONVERSION = YES;
				CLANG_WARN_DIRECT_OBJC_ISA_USAGE = YES_ERROR;
				CLANG_WARN_EMPTY_BODY = YES;
				CLANG_WARN_ENUM_CONVERSION = YES;
				CLANG_WARN_INT_CONVERSION = YES;
				CLANG_WARN_OBJC_ROOT_CLASS = YES_ERROR;
				CLANG_WARN_UNREACHABLE_CODE = YES;
				CLANG_WARN__DUPLICATE_METHOD_MATCH = YES;
				CODE_SIGN_IDENTITY = "iPhone Developer";
				"CODE_SIGN_IDENTITY[sdk=iphoneos*]" = "iPhone Developer";
				COPY_PHASE_STRIP = YES;
				ENABLE_NS_ASSERTIONS = NO;
				ENABLE_STRICT_OBJC_MSGSEND = YES;
				GCC_C_LANGUAGE_STANDARD = gnu99;
				GCC_WARN_64_TO_32_BIT_CONVERSION = YES;
				GCC_WARN_ABOUT_RETURN_TYPE = YES_ERROR;
				GCC_WARN_UNDECLARED_SELECTOR = YES;
				GCC_WARN_UNINITIALIZED_AUTOS = YES_AGGRESSIVE;
				GCC_WARN_UNUSED_FUNCTION = YES;
				GCC_WARN_UNUSED_VARIABLE = YES;
				IPHONEOS_DEPLOYMENT_TARGET = 8.1;
				MTL_ENABLE_DEBUG_INFO = NO;
				PROVISIONING_PROFILE = "93b9b003-3e20-4b3f-81b4-a42a5bdba9f7";
				SDKROOT = iphoneos;
				VALIDATE_PRODUCT = YES;
			};
			name = Release;
		};
		053FEE5B1A030A8D00667C01 /* Debug */ = {
			isa = XCBuildConfiguration;
			buildSettings = {
				ASSETCATALOG_COMPILER_APPICON_NAME = AppIcon;
				CODE_SIGN_IDENTITY = "iPhone Developer";
				"CODE_SIGN_IDENTITY[sdk=iphoneos*]" = "iPhone Developer";
				FRAMEWORK_SEARCH_PATHS = (
					"$(inherited)",
					"$(PROJECT_DIR)",
				);
				INFOPLIST_FILE = chatDemo/Info.plist;
				IPHONEOS_DEPLOYMENT_TARGET = 8.1;
				LD_RUNPATH_SEARCH_PATHS = "$(inherited) @executable_path/Frameworks";
				PRODUCT_NAME = "$(TARGET_NAME)";
				PROVISIONING_PROFILE = "93b9b003-3e20-4b3f-81b4-a42a5bdba9f7";
				TARGETED_DEVICE_FAMILY = "1,2";
			};
			name = Debug;
		};
		053FEE5C1A030A8D00667C01 /* Release */ = {
			isa = XCBuildConfiguration;
			buildSettings = {
				ASSETCATALOG_COMPILER_APPICON_NAME = AppIcon;
				CODE_SIGN_IDENTITY = "iPhone Developer";
				"CODE_SIGN_IDENTITY[sdk=iphoneos*]" = "iPhone Developer";
				FRAMEWORK_SEARCH_PATHS = (
					"$(inherited)",
					"$(PROJECT_DIR)",
				);
				INFOPLIST_FILE = chatDemo/Info.plist;
				IPHONEOS_DEPLOYMENT_TARGET = 8.1;
				LD_RUNPATH_SEARCH_PATHS = "$(inherited) @executable_path/Frameworks";
				PRODUCT_NAME = "$(TARGET_NAME)";
				PROVISIONING_PROFILE = "93b9b003-3e20-4b3f-81b4-a42a5bdba9f7";
				TARGETED_DEVICE_FAMILY = "1,2";
			};
			name = Release;
		};
/* End XCBuildConfiguration section */

/* Begin XCConfigurationList section */
		053FEE2F1A030A8C00667C01 /* Build configuration list for PBXProject "chatDemo" */ = {
			isa = XCConfigurationList;
			buildConfigurations = (
				053FEE581A030A8D00667C01 /* Debug */,
				053FEE591A030A8D00667C01 /* Release */,
			);
			defaultConfigurationIsVisible = 0;
			defaultConfigurationName = Release;
		};
		053FEE5A1A030A8D00667C01 /* Build configuration list for PBXNativeTarget "chatDemo" */ = {
			isa = XCConfigurationList;
			buildConfigurations = (
				053FEE5B1A030A8D00667C01 /* Debug */,
				053FEE5C1A030A8D00667C01 /* Release */,
			);
			defaultConfigurationIsVisible = 0;
			defaultConfigurationName = Release;
		};
/* End XCConfigurationList section */
	};
	rootObject = 053FEE2C1A030A8C00667C01 /* Project object */;
}
